# This file was autogenerated by Stack.
# You should not edit this file by hand.
# For more information, please see the documentation at:
#   https://docs.haskellstack.org/en/stable/lock_files

packages:
- completed:
    commit: 3bb4d7f75fb84bb16683846db8aaa284d106e8a8
    git: https://github.com/mmartin/scotty-cookie
    name: scotty-cookie
    pantry-tree:
      sha256: 0513ddc83d61160f9a1ed3acc7296db7c95ace3732f8cf3874da97be957a30c0
      size: 270
    version: 0.1.0.3
  original:
    commit: 3bb4d7f75fb84bb16683846db8aaa284d106e8a8
    git: https://github.com/mmartin/scotty-cookie
- completed:
    commit: 72a5cb1af2a0697df7359dfd7d9c1afa9c16bdb5
    git: https://github.com/temaxuck/scotty-login-session
    name: scotty-login-session
    pantry-tree:
      sha256: 56063e3da3b5c63f1bc367edd0a760a53177e2aa697d515023bd5ddbda9fa0c6
      size: 1958
    version: 0.1.2.0
  original:
    commit: 72a5cb1af2a0697df7359dfd7d9c1afa9c16bdb5
    git: https://github.com/temaxuck/scotty-login-session
snapshots:
- completed:
    sha256: 5921ddc75f5dd3f197fbc32e1e5676895a8e7b971d4f82ef6b556657801dd18a
    size: 640054
    url: https://raw.githubusercontent.com/commercialhaskell/stackage-snapshots/master/lts/21/20.yaml
  original:
    url: https://raw.githubusercontent.com/commercialhaskell/stackage-snapshots/master/lts/21/20.yaml
